
Microsoft Visual Studio Solution File, Format Version 12.00
# Visual Studio 2013
VisualStudioVersion = 12.0.31101.0
MinimumVisualStudioVersion = 10.0.40219.1
Project("{FAE04EC0-301F-11D3-BF4B-00C04F79EFBC}") = "WebService.ASMX", "WebService.ASMX\WebService.ASMX.csproj", "{B339449E-1480-4245-A933-AF37D46132CD}"
EndProject
Project("{FAE04EC0-301F-11D3-BF4B-00C04F79EFBC}") = "Data", "Data\Data.csproj", "{B3EA7CAE-53F1-45D9-8149-B30903242CE4}"
EndProject
Global
	GlobalSection(SolutionConfigurationPlatforms) = preSolution
		Debug|Any CPU = Debug|Any CPU
		Release|Any CPU = Release|Any CPU
	EndGlobalSection
	GlobalSection(ProjectConfigurationPlatforms) = postSolution
		{B339449E-1480-4245-A933-AF37D46132CD}.Debug|Any CPU.ActiveCfg = Debug|Any CPU
		{B339449E-1480-4245-A933-AF37D46132CD}.Debug|Any CPU.Build.0 = Debug|Any CPU
		{B339449E-1480-4245-A933-AF37D46132CD}.Release|Any CPU.ActiveCfg = Release|Any CPU
		{B339449E-1480-4245-A933-AF37D46132CD}.Release|Any CPU.Build.0 = Release|Any CPU
		{B3EA7CAE-53F1-45D9-8149-B30903242CE4}.Debug|Any CPU.ActiveCfg = Debug|Any CPU
		{B3EA7CAE-53F1-45D9-8149-B30903242CE4}.Debug|Any CPU.Build.0 = Debug|Any CPU
		{B3EA7CAE-53F1-45D9-8149-B30903242CE4}.Release|Any CPU.ActiveCfg = Release|Any CPU
		{B3EA7CAE-53F1-45D9-8149-B30903242CE4}.Release|Any CPU.Build.0 = Release|Any CPU
	EndGlobalSection
	GlobalSection(SolutionProperties) = preSolution
		HideSolutionNode = FALSE
	EndGlobalSection
EndGlobal
